
Microsoft Visual Studio Solution File, Format Version 12.00
# Visual Studio 2012
Project("{9092AA53-FB77-4645-B42D-1CCCA6BD08BD}") = "Partition", "Partition.njsproj", "{B02F8BF8-1827-4FEB-BEF7-32A59A44F23F}"
EndProject
Global
	GlobalSection(SolutionConfigurationPlatforms) = preSolution
		Debug|Any CPU = Debug|Any CPU
		Release|Any CPU = Release|Any CPU
	EndGlobalSection
	GlobalSection(ProjectConfigurationPlatforms) = postSolution
		{B02F8BF8-1827-4FEB-BEF7-32A59A44F23F}.Debug|Any CPU.ActiveCfg = Debug|Any CPU
		{B02F8BF8-1827-4FEB-BEF7-32A59A44F23F}.Debug|Any CPU.Build.0 = Debug|Any CPU
		{B02F8BF8-1827-4FEB-BEF7-32A59A44F23F}.Release|Any CPU.ActiveCfg = Release|Any CPU
		{B02F8BF8-1827-4FEB-BEF7-32A59A44F23F}.Release|Any CPU.Build.0 = Release|Any CPU
	EndGlobalSection
	GlobalSection(SolutionProperties) = preSolution
		HideSolutionNode = FALSE
	EndGlobalSection
EndGlobal
